
Microsoft Visual Studio Solution File, Format Version 12.00
# Visual Studio Version 17
VisualStudioVersion = 17.1.32210.238
MinimumVisualStudioVersion = 10.0.40219.1
Project("{9A19103F-16F7-4668-BE54-9A1E7A4F7556}") = "FrontToBack", "FrontToBack.csproj", "{054A23C5-DB7D-43F5-98AD-14D9019A8E40}"
EndProject
Global
	GlobalSection(SolutionConfigurationPlatforms) = preSolution
		Debug|Any CPU = Debug|Any CPU
		Release|Any CPU = Release|Any CPU
	EndGlobalSection
	GlobalSection(ProjectConfigurationPlatforms) = postSolution
		{054A23C5-DB7D-43F5-98AD-14D9019A8E40}.Debug|Any CPU.ActiveCfg = Debug|Any CPU
		{054A23C5-DB7D-43F5-98AD-14D9019A8E40}.Debug|Any CPU.Build.0 = Debug|Any CPU
		{054A23C5-DB7D-43F5-98AD-14D9019A8E40}.Release|Any CPU.ActiveCfg = Release|Any CPU
		{054A23C5-DB7D-43F5-98AD-14D9019A8E40}.Release|Any CPU.Build.0 = Release|Any CPU
	EndGlobalSection
	GlobalSection(SolutionProperties) = preSolution
		HideSolutionNode = FALSE
	EndGlobalSection
	GlobalSection(ExtensibilityGlobals) = postSolution
		SolutionGuid = {5AA46DE7-0827-43BB-A62D-1105DA24FF1E}
	EndGlobalSection
EndGlobal
